dependencies:
- name: redis
  repository: https://charts.bitnami.com/bitnami
  version: 10.7.5
- name: kafka
  repository: https://charts.bitnami.com/bitnami
  version: 11.2.0
- name: pulsar
  repository: https://cnieg.github.io/helm-charts
  version: 1.0.5
digest: sha256:d134bc19d348b7d40a9d8aa42e0d0f8a898885046405403b9326952c88d12929
generated: "2020-06-24T12:30:48.855487-03:00"
