dependencies:
- name: redis
  repository: https://charts.bitnami.com/bitnami
  version: 10.7.5
- name: kafka
  repository: https://charts.bitnami.com/bitnami
  version: 11.2.0
digest: sha256:6c4018a6cf3b5a08d761dc8f68db8fba1f2e947debcf35032207caf00159b9db
generated: "2020-06-24T11:59:15.585109-03:00"
